
Microsoft Visual Studio Solution File, Format Version 12.00
# Visual Studio Version 16
VisualStudioVersion = 16.0.30114.105
MinimumVisualStudioVersion = 10.0.40219.1
Project("{9A19103F-16F7-4668-BE54-9A1E7A4F7556}") = "Data", "Data\Data.csproj", "{B66B462C-DA57-4DB7-9053-DEBD3953F479}"
EndProject
Project("{9A19103F-16F7-4668-BE54-9A1E7A4F7556}") = "DataTests", "DataTests\DataTests.csproj", "{B58727B9-F783-46C8-BCC7-5122A1A4537E}"
EndProject
Project("{9A19103F-16F7-4668-BE54-9A1E7A4F7556}") = "PointOfSale", "PointOfSale\PointOfSale.csproj", "{162338C9-0DFC-401C-92F1-09CDA9707509}"
EndProject
Project("{9A19103F-16F7-4668-BE54-9A1E7A4F7556}") = "PointOfSaleTests", "PointOfSaleTests\PointOfSaleTests.csproj", "{5658F876-1D80-4EF6-AE97-129FD163E93E}"
EndProject
Project("{FAE04EC0-301F-11D3-BF4B-00C04F79EFBC}") = "Website", "Website\Website.csproj", "{46DDF0D1-5547-4AC0-8E1A-6F448CA7EB91}"
EndProject
Project("{FAE04EC0-301F-11D3-BF4B-00C04F79EFBC}") = "WebsiteTests", "WebsiteTests\WebsiteTests.csproj", "{BD51BA38-DD02-4EF0-847D-B48F9E0E6E1E}"
EndProject
Global
	GlobalSection(SolutionConfigurationPlatforms) = preSolution
		Debug|Any CPU = Debug|Any CPU
		Release|Any CPU = Release|Any CPU
	EndGlobalSection
	GlobalSection(ProjectConfigurationPlatforms) = postSolution
		{B66B462C-DA57-4DB7-9053-DEBD3953F479}.Debug|Any CPU.ActiveCfg = Debug|Any CPU
		{B66B462C-DA57-4DB7-9053-DEBD3953F479}.Debug|Any CPU.Build.0 = Debug|Any CPU
		{B66B462C-DA57-4DB7-9053-DEBD3953F479}.Release|Any CPU.ActiveCfg = Release|Any CPU
		{B66B462C-DA57-4DB7-9053-DEBD3953F479}.Release|Any CPU.Build.0 = Release|Any CPU
		{B58727B9-F783-46C8-BCC7-5122A1A4537E}.Debug|Any CPU.ActiveCfg = Debug|Any CPU
		{B58727B9-F783-46C8-BCC7-5122A1A4537E}.Debug|Any CPU.Build.0 = Debug|Any CPU
		{B58727B9-F783-46C8-BCC7-5122A1A4537E}.Release|Any CPU.ActiveCfg = Release|Any CPU
		{B58727B9-F783-46C8-BCC7-5122A1A4537E}.Release|Any CPU.Build.0 = Release|Any CPU
		{162338C9-0DFC-401C-92F1-09CDA9707509}.Debug|Any CPU.ActiveCfg = Debug|Any CPU
		{162338C9-0DFC-401C-92F1-09CDA9707509}.Debug|Any CPU.Build.0 = Debug|Any CPU
		{162338C9-0DFC-401C-92F1-09CDA9707509}.Release|Any CPU.ActiveCfg = Release|Any CPU
		{162338C9-0DFC-401C-92F1-09CDA9707509}.Release|Any CPU.Build.0 = Release|Any CPU
		{5658F876-1D80-4EF6-AE97-129FD163E93E}.Debug|Any CPU.ActiveCfg = Debug|Any CPU
		{5658F876-1D80-4EF6-AE97-129FD163E93E}.Debug|Any CPU.Build.0 = Debug|Any CPU
		{5658F876-1D80-4EF6-AE97-129FD163E93E}.Release|Any CPU.ActiveCfg = Release|Any CPU
		{5658F876-1D80-4EF6-AE97-129FD163E93E}.Release|Any CPU.Build.0 = Release|Any CPU
		{46DDF0D1-5547-4AC0-8E1A-6F448CA7EB91}.Debug|Any CPU.ActiveCfg = Debug|Any CPU
		{46DDF0D1-5547-4AC0-8E1A-6F448CA7EB91}.Debug|Any CPU.Build.0 = Debug|Any CPU
		{46DDF0D1-5547-4AC0-8E1A-6F448CA7EB91}.Release|Any CPU.ActiveCfg = Release|Any CPU
		{46DDF0D1-5547-4AC0-8E1A-6F448CA7EB91}.Release|Any CPU.Build.0 = Release|Any CPU
		{BD51BA38-DD02-4EF0-847D-B48F9E0E6E1E}.Debug|Any CPU.ActiveCfg = Debug|Any CPU
		{BD51BA38-DD02-4EF0-847D-B48F9E0E6E1E}.Debug|Any CPU.Build.0 = Debug|Any CPU
		{BD51BA38-DD02-4EF0-847D-B48F9E0E6E1E}.Release|Any CPU.ActiveCfg = Release|Any CPU
		{BD51BA38-DD02-4EF0-847D-B48F9E0E6E1E}.Release|Any CPU.Build.0 = Release|Any CPU
	EndGlobalSection
	GlobalSection(SolutionProperties) = preSolution
		HideSolutionNode = FALSE
	EndGlobalSection
	GlobalSection(ExtensibilityGlobals) = postSolution
		SolutionGuid = {FFB5BA88-DFBD-4936-957F-1DE68A94D74A}
	EndGlobalSection
EndGlobal
